
Microsoft Visual Studio Solution File, Format Version 12.00
# Visual Studio Version 16
VisualStudioVersion = 16.0.30804.86
MinimumVisualStudioVersion = 10.0.40219.1
Project("{FAE04EC0-301F-11D3-BF4B-00C04F79EFBC}") = "DeployToLinux", "DeployToLinux\DeployToLinux.csproj", "{DA0AC69D-C8A0-4ABD-92FF-EA972156C5B5}"
EndProject
Global
	GlobalSection(SolutionConfigurationPlatforms) = preSolution
		Debug|Any CPU = Debug|Any CPU
		Release|Any CPU = Release|Any CPU
	EndGlobalSection
	GlobalSection(ProjectConfigurationPlatforms) = postSolution
		{DA0AC69D-C8A0-4ABD-92FF-EA972156C5B5}.Debug|Any CPU.ActiveCfg = Debug|Any CPU
		{DA0AC69D-C8A0-4ABD-92FF-EA972156C5B5}.Debug|Any CPU.Build.0 = Debug|Any CPU
		{DA0AC69D-C8A0-4ABD-92FF-EA972156C5B5}.Release|Any CPU.ActiveCfg = Release|Any CPU
		{DA0AC69D-C8A0-4ABD-92FF-EA972156C5B5}.Release|Any CPU.Build.0 = Release|Any CPU
	EndGlobalSection
	GlobalSection(SolutionProperties) = preSolution
		HideSolutionNode = FALSE
	EndGlobalSection
	GlobalSection(ExtensibilityGlobals) = postSolution
		SolutionGuid = {35BC5D65-B81F-4401-88A6-DBCE6175C1CA}
	EndGlobalSection
EndGlobal
